
Microsoft Visual Studio Solution File, Format Version 12.00
# Visual Studio Version 16
VisualStudioVersion = 16.0.29009.5
MinimumVisualStudioVersion = 10.0.40219.1
Project("{FAE04EC0-301F-11D3-BF4B-00C04F79EFBC}") = "Rentals", "Rentals\Rentals.csproj", "{ACFB0996-7970-4133-9C57-41EC613283A9}"
EndProject
Global
	GlobalSection(SolutionConfigurationPlatforms) = preSolution
		Debug|Any CPU = Debug|Any CPU
		Release|Any CPU = Release|Any CPU
	EndGlobalSection
	GlobalSection(ProjectConfigurationPlatforms) = postSolution
		{ACFB0996-7970-4133-9C57-41EC613283A9}.Debug|Any CPU.ActiveCfg = Debug|Any CPU
		{ACFB0996-7970-4133-9C57-41EC613283A9}.Debug|Any CPU.Build.0 = Debug|Any CPU
		{ACFB0996-7970-4133-9C57-41EC613283A9}.Release|Any CPU.ActiveCfg = Release|Any CPU
		{ACFB0996-7970-4133-9C57-41EC613283A9}.Release|Any CPU.Build.0 = Release|Any CPU
	EndGlobalSection
	GlobalSection(SolutionProperties) = preSolution
		HideSolutionNode = FALSE
	EndGlobalSection
	GlobalSection(ExtensibilityGlobals) = postSolution
		SolutionGuid = {5837E906-95F6-4D8D-9514-409345F120CC}
	EndGlobalSection
EndGlobal
